
Microsoft Visual Studio Solution File, Format Version 12.00
# Visual Studio Version 17
VisualStudioVersion = 17.11.35327.3
MinimumVisualStudioVersion = 10.0.40219.1
Project("{9A19103F-16F7-4668-BE54-9A1E7A4F7556}") = "Geometrie.BLL", "Geometrie.BLL\Geometrie.BLL.csproj", "{B9699485-999F-4643-91A0-2DDDF1067D86}"
EndProject
Project("{9A19103F-16F7-4668-BE54-9A1E7A4F7556}") = "RappelSyntaxe", "RappelSyntaxe\RappelSyntaxe.csproj", "{D00B14B9-7626-4B86-BD3D-945D3680781F}"
EndProject
Project("{2150E333-8FDC-42A3-9474-1A3956D46DE8}") = "Rappels théorique", "Rappels théorique", "{8AADB456-6E50-4C1A-9F8B-145C59CF99F9}"
EndProject
Project("{9A19103F-16F7-4668-BE54-9A1E7A4F7556}") = "Geometrie.Console", "Geometrie.Console\Geometrie.Console.csproj", "{60443060-42BC-4BCF-8B56-2EDBB936CCB8}"
EndProject
Project("{9A19103F-16F7-4668-BE54-9A1E7A4F7556}") = "GeneriquesEtDelegues", "GeneriquesEtDelegues\GeneriquesEtDelegues.csproj", "{C24CF8D9-9E29-4940-97EC-43A867907B61}"
EndProject
Project("{9A19103F-16F7-4668-BE54-9A1E7A4F7556}") = "Geometrie.DAL", "Geometrie.DAL\Geometrie.DAL.csproj", "{5236FC5C-3B27-45D1-BE12-38AD597DA2F3}"
EndProject
Project("{FAE04EC0-301F-11D3-BF4B-00C04F79EFBC}") = "Geometrie.DAL.Tests", "Geometrie.DAL.Tests\Geometrie.DAL.Tests.csproj", "{C0563B66-3AA6-4C24-9275-4DECE7FD44EF}"
EndProject
Global
	GlobalSection(SolutionConfigurationPlatforms) = preSolution
		Debug|Any CPU = Debug|Any CPU
		Release|Any CPU = Release|Any CPU
	EndGlobalSection
	GlobalSection(ProjectConfigurationPlatforms) = postSolution
		{B9699485-999F-4643-91A0-2DDDF1067D86}.Debug|Any CPU.ActiveCfg = Debug|Any CPU
		{B9699485-999F-4643-91A0-2DDDF1067D86}.Debug|Any CPU.Build.0 = Debug|Any CPU
		{B9699485-999F-4643-91A0-2DDDF1067D86}.Release|Any CPU.ActiveCfg = Release|Any CPU
		{B9699485-999F-4643-91A0-2DDDF1067D86}.Release|Any CPU.Build.0 = Release|Any CPU
		{D00B14B9-7626-4B86-BD3D-945D3680781F}.Debug|Any CPU.ActiveCfg = Debug|Any CPU
		{D00B14B9-7626-4B86-BD3D-945D3680781F}.Debug|Any CPU.Build.0 = Debug|Any CPU
		{D00B14B9-7626-4B86-BD3D-945D3680781F}.Release|Any CPU.ActiveCfg = Release|Any CPU
		{D00B14B9-7626-4B86-BD3D-945D3680781F}.Release|Any CPU.Build.0 = Release|Any CPU
		{60443060-42BC-4BCF-8B56-2EDBB936CCB8}.Debug|Any CPU.ActiveCfg = Debug|Any CPU
		{60443060-42BC-4BCF-8B56-2EDBB936CCB8}.Debug|Any CPU.Build.0 = Debug|Any CPU
		{60443060-42BC-4BCF-8B56-2EDBB936CCB8}.Release|Any CPU.ActiveCfg = Release|Any CPU
		{60443060-42BC-4BCF-8B56-2EDBB936CCB8}.Release|Any CPU.Build.0 = Release|Any CPU
		{C24CF8D9-9E29-4940-97EC-43A867907B61}.Debug|Any CPU.ActiveCfg = Debug|Any CPU
		{C24CF8D9-9E29-4940-97EC-43A867907B61}.Debug|Any CPU.Build.0 = Debug|Any CPU
		{C24CF8D9-9E29-4940-97EC-43A867907B61}.Release|Any CPU.ActiveCfg = Release|Any CPU
		{C24CF8D9-9E29-4940-97EC-43A867907B61}.Release|Any CPU.Build.0 = Release|Any CPU
		{5236FC5C-3B27-45D1-BE12-38AD597DA2F3}.Debug|Any CPU.ActiveCfg = Debug|Any CPU
		{5236FC5C-3B27-45D1-BE12-38AD597DA2F3}.Debug|Any CPU.Build.0 = Debug|Any CPU
		{5236FC5C-3B27-45D1-BE12-38AD597DA2F3}.Release|Any CPU.ActiveCfg = Release|Any CPU
		{5236FC5C-3B27-45D1-BE12-38AD597DA2F3}.Release|Any CPU.Build.0 = Release|Any CPU
		{C0563B66-3AA6-4C24-9275-4DECE7FD44EF}.Debug|Any CPU.ActiveCfg = Debug|Any CPU
		{C0563B66-3AA6-4C24-9275-4DECE7FD44EF}.Debug|Any CPU.Build.0 = Debug|Any CPU
		{C0563B66-3AA6-4C24-9275-4DECE7FD44EF}.Release|Any CPU.ActiveCfg = Release|Any CPU
		{C0563B66-3AA6-4C24-9275-4DECE7FD44EF}.Release|Any CPU.Build.0 = Release|Any CPU
	EndGlobalSection
	GlobalSection(SolutionProperties) = preSolution
		HideSolutionNode = FALSE
	EndGlobalSection
	GlobalSection(NestedProjects) = preSolution
		{D00B14B9-7626-4B86-BD3D-945D3680781F} = {8AADB456-6E50-4C1A-9F8B-145C59CF99F9}
		{C24CF8D9-9E29-4940-97EC-43A867907B61} = {8AADB456-6E50-4C1A-9F8B-145C59CF99F9}
	EndGlobalSection
	GlobalSection(ExtensibilityGlobals) = postSolution
		SolutionGuid = {552B9474-44F9-4745-A014-DDB151C3B5ED}
	EndGlobalSection
EndGlobal
